
Microsoft Visual Studio Solution File, Format Version 12.00
# Visual Studio Version 16
VisualStudioVersion = 16.0.31702.278
MinimumVisualStudioVersion = 10.0.40219.1
Project("{9A19103F-16F7-4668-BE54-9A1E7A4F7556}") = "ConsoleApp2", "ConsoleApp2\ConsoleApp2.csproj", "{01D357A1-9A83-49E1-9EE1-CEEDE9C825C7}"
EndProject
Global
	GlobalSection(SolutionConfigurationPlatforms) = preSolution
		Debug|Any CPU = Debug|Any CPU
		Release|Any CPU = Release|Any CPU
	EndGlobalSection
	GlobalSection(ProjectConfigurationPlatforms) = postSolution
		{01D357A1-9A83-49E1-9EE1-CEEDE9C825C7}.Debug|Any CPU.ActiveCfg = Debug|Any CPU
		{01D357A1-9A83-49E1-9EE1-CEEDE9C825C7}.Debug|Any CPU.Build.0 = Debug|Any CPU
		{01D357A1-9A83-49E1-9EE1-CEEDE9C825C7}.Release|Any CPU.ActiveCfg = Release|Any CPU
		{01D357A1-9A83-49E1-9EE1-CEEDE9C825C7}.Release|Any CPU.Build.0 = Release|Any CPU
	EndGlobalSection
	GlobalSection(SolutionProperties) = preSolution
		HideSolutionNode = FALSE
	EndGlobalSection
	GlobalSection(ExtensibilityGlobals) = postSolution
		SolutionGuid = {8D01B5AB-4752-4941-8F18-CB0D56582628}
	EndGlobalSection
EndGlobal
